
Microsoft Visual Studio Solution File, Format Version 12.00
# Visual Studio Version 17
VisualStudioVersion = 17.0.31903.59
MinimumVisualStudioVersion = 15.0.26124.0
Project("{6EC3EE1D-3C4E-46DD-8F32-0CC8E7565705}") = "FsLocalState", "FsLocalState\FsLocalState.fsproj", "{18D38D40-6D90-44BB-8F3C-4714E325C5FB}"
EndProject
Project("{6EC3EE1D-3C4E-46DD-8F32-0CC8E7565705}") = "FsLocalState.Tests", "FsLocalState.Tests\FsLocalState.Tests.fsproj", "{D567C820-F29C-47A1-A7E2-77E40E2D191F}"
EndProject
Project("{2150E333-8FDC-42A3-9474-1A3956D46DE8}") = "scratches", "scratches", "{BA14153B-E107-48CC-BE42-AC657565D656}"
	ProjectSection(SolutionItems) = preProject
		scratches\feedbackBuilder.bak.fsx = scratches\feedbackBuilder.bak.fsx
		scratches\feedbackBuilder.fsx = scratches\feedbackBuilder.fsx
		scratches\feedbackBuilder2.fsx = scratches\feedbackBuilder2.fsx
		scratches\feedbackBuilder_FINAL.fsx = scratches\feedbackBuilder_FINAL.fsx
		scratches\fiddle.fsx = scratches\fiddle.fsx
		scratches\fiddle2.fsx = scratches\fiddle2.fsx
		scratches\mostInnerState.fsx = scratches\mostInnerState.fsx
		typeTestsGenFdb.fsx = typeTestsGenFdb.fsx
		scratches\typeTestsGenFdb.fsx = scratches\typeTestsGenFdb.fsx
		scratches\withMut2.fsx = scratches\withMut2.fsx
		scratches\withMutableWhile.fsx = scratches\withMutableWhile.fsx
	EndProjectSection
EndProject
Project("{2150E333-8FDC-42A3-9474-1A3956D46DE8}") = "Solution Items", "Solution Items", "{1B0703E3-7727-4DC4-B895-05FC130A7E27}"
	ProjectSection(SolutionItems) = preProject
		Docu-TODOs-Ideas.md = Docu-TODOs-Ideas.md
		General TODOs and Ideas.md = General TODOs and Ideas.md
	EndProjectSection
EndProject
Global
	GlobalSection(SolutionConfigurationPlatforms) = preSolution
		Debug|Any CPU = Debug|Any CPU
		Debug|x64 = Debug|x64
		Debug|x86 = Debug|x86
		Release|Any CPU = Release|Any CPU
		Release|x64 = Release|x64
		Release|x86 = Release|x86
	EndGlobalSection
	GlobalSection(ProjectConfigurationPlatforms) = postSolution
		{18D38D40-6D90-44BB-8F3C-4714E325C5FB}.Debug|Any CPU.ActiveCfg = Debug|Any CPU
		{18D38D40-6D90-44BB-8F3C-4714E325C5FB}.Debug|Any CPU.Build.0 = Debug|Any CPU
		{18D38D40-6D90-44BB-8F3C-4714E325C5FB}.Debug|x64.ActiveCfg = Debug|Any CPU
		{18D38D40-6D90-44BB-8F3C-4714E325C5FB}.Debug|x64.Build.0 = Debug|Any CPU
		{18D38D40-6D90-44BB-8F3C-4714E325C5FB}.Debug|x86.ActiveCfg = Debug|Any CPU
		{18D38D40-6D90-44BB-8F3C-4714E325C5FB}.Debug|x86.Build.0 = Debug|Any CPU
		{18D38D40-6D90-44BB-8F3C-4714E325C5FB}.Release|Any CPU.ActiveCfg = Release|Any CPU
		{18D38D40-6D90-44BB-8F3C-4714E325C5FB}.Release|Any CPU.Build.0 = Release|Any CPU
		{18D38D40-6D90-44BB-8F3C-4714E325C5FB}.Release|x64.ActiveCfg = Release|Any CPU
		{18D38D40-6D90-44BB-8F3C-4714E325C5FB}.Release|x64.Build.0 = Release|Any CPU
		{18D38D40-6D90-44BB-8F3C-4714E325C5FB}.Release|x86.ActiveCfg = Release|Any CPU
		{18D38D40-6D90-44BB-8F3C-4714E325C5FB}.Release|x86.Build.0 = Release|Any CPU
		{D567C820-F29C-47A1-A7E2-77E40E2D191F}.Debug|Any CPU.ActiveCfg = Debug|Any CPU
		{D567C820-F29C-47A1-A7E2-77E40E2D191F}.Debug|Any CPU.Build.0 = Debug|Any CPU
		{D567C820-F29C-47A1-A7E2-77E40E2D191F}.Debug|x64.ActiveCfg = Debug|Any CPU
		{D567C820-F29C-47A1-A7E2-77E40E2D191F}.Debug|x64.Build.0 = Debug|Any CPU
		{D567C820-F29C-47A1-A7E2-77E40E2D191F}.Debug|x86.ActiveCfg = Debug|Any CPU
		{D567C820-F29C-47A1-A7E2-77E40E2D191F}.Debug|x86.Build.0 = Debug|Any CPU
		{D567C820-F29C-47A1-A7E2-77E40E2D191F}.Release|Any CPU.ActiveCfg = Release|Any CPU
		{D567C820-F29C-47A1-A7E2-77E40E2D191F}.Release|Any CPU.Build.0 = Release|Any CPU
		{D567C820-F29C-47A1-A7E2-77E40E2D191F}.Release|x64.ActiveCfg = Release|Any CPU
		{D567C820-F29C-47A1-A7E2-77E40E2D191F}.Release|x64.Build.0 = Release|Any CPU
		{D567C820-F29C-47A1-A7E2-77E40E2D191F}.Release|x86.ActiveCfg = Release|Any CPU
		{D567C820-F29C-47A1-A7E2-77E40E2D191F}.Release|x86.Build.0 = Release|Any CPU
	EndGlobalSection
	GlobalSection(SolutionProperties) = preSolution
		HideSolutionNode = FALSE
	EndGlobalSection
	GlobalSection(ExtensibilityGlobals) = postSolution
		SolutionGuid = {BA9EFFD2-32F2-4B96-9AAC-189F510310BB}
	EndGlobalSection
EndGlobal
